
Microsoft Visual Studio Solution File, Format Version 12.00
Project("{FAE04EC0-301F-11D3-BF4B-00C04F79EFBC}") = "Lodgify.Payments.Stripe.Server", "Lodgify.Payments.Stripe.Server\Lodgify.Payments.Stripe.Server.csproj", "{3D1D2059-9D59-410B-8981-704DBB2D82D7}"
EndProject
Global
	GlobalSection(SolutionConfigurationPlatforms) = preSolution
		Debug|Any CPU = Debug|Any CPU
		Release|Any CPU = Release|Any CPU
	EndGlobalSection
	GlobalSection(ProjectConfigurationPlatforms) = postSolution
		{3D1D2059-9D59-410B-8981-704DBB2D82D7}.Debug|Any CPU.ActiveCfg = Debug|Any CPU
		{3D1D2059-9D59-410B-8981-704DBB2D82D7}.Debug|Any CPU.Build.0 = Debug|Any CPU
		{3D1D2059-9D59-410B-8981-704DBB2D82D7}.Release|Any CPU.ActiveCfg = Release|Any CPU
		{3D1D2059-9D59-410B-8981-704DBB2D82D7}.Release|Any CPU.Build.0 = Release|Any CPU
	EndGlobalSection
EndGlobal
